// !$*UTF8*$!
{
	archiveVersion = 1;
	classes = {
	};
	objectVersion = 50;
	objects = {

/* Begin PBXBuildFile section */
		18410B2F2924E62200CD5944 /* PPGifLoaderManager.m in Sources */ = {isa = PBXBuildFile; fileRef = 18410B122924E62200CD5944 /* PPGifLoaderManager.m */; };
		18410B302924E62200CD5944 /* PPGifMemoryCache.m in Sources */ = {isa = PBXBuildFile; fileRef = 18410B142924E62200CD5944 /* PPGifMemoryCache.m */; };
		18410B312924E62200CD5944 /* PPGifFrameMemoryCache.m in Sources */ = {isa = PBXBuildFile; fileRef = 18410B172924E62200CD5944 /* PPGifFrameMemoryCache.m */; };
		18410B322924E62200CD5944 /* PPGifCacheManager.m in Sources */ = {isa = PBXBuildFile; fileRef = 18410B182924E62200CD5944 /* PPGifCacheManager.m */; };
		18410B332924E62200CD5944 /* PPSysMemory.m in Sources */ = {isa = PBXBuildFile; fileRef = 18410B192924E62200CD5944 /* PPSysMemory.m */; };
		18410B342924E62200CD5944 /* PPGifDiskCache.m in Sources */ = {isa = PBXBuildFile; fileRef = 18410B1C2924E62200CD5944 /* PPGifDiskCache.m */; };
		18410B352924E62200CD5944 /* UIImageView+PPGif.m in Sources */ = {isa = PBXBuildFile; fileRef = 18410B202924E62200CD5944 /* UIImageView+PPGif.m */; };
		18410B362924E62200CD5944 /* UIImage+PPGifImage.m in Sources */ = {isa = PBXBuildFile; fileRef = 18410B212924E62200CD5944 /* UIImage+PPGifImage.m */; };
		18410B372924E62200CD5944 /* PPGifPlayerManager.m in Sources */ = {isa = PBXBuildFile; fileRef = 18410B232924E62200CD5944 /* PPGifPlayerManager.m */; };
		18410B382924E62200CD5944 /* PPGifImageViewModel.m in Sources */ = {isa = PBXBuildFile; fileRef = 18410B282924E62200CD5944 /* PPGifImageViewModel.m */; };
		18410B392924E62200CD5944 /* PPGifModel.m in Sources */ = {isa = PBXBuildFile; fileRef = 18410B2A2924E62200CD5944 /* PPGifModel.m */; };
		18410B3A2924E62200CD5944 /* PPGifFrameModel.m in Sources */ = {isa = PBXBuildFile; fileRef = 18410B2C2924E62200CD5944 /* PPGifFrameModel.m */; };
		18410B3D2924E7A000CD5944 /* NSString+MD5.m in Sources */ = {isa = PBXBuildFile; fileRef = 18410B3C2924E7A000CD5944 /* NSString+MD5.m */; };
		186AE84C287875BD008BAE2B /* QJFormatTextField.m in Sources */ = {isa = PBXBuildFile; fileRef = 186AE84B287875BD008BAE2B /* QJFormatTextField.m */; };
		187172AF273E4DE500C72E9B /* PPExtensibleLabel.m in Sources */ = {isa = PBXBuildFile; fileRef = 187172AE273E4DE500C72E9B /* PPExtensibleLabel.m */; };
		187B74F626CB7650007B29B8 /* QJComponentsDomeTests.m in Sources */ = {isa = PBXBuildFile; fileRef = 187B74F526CB7650007B29B8 /* QJComponentsDomeTests.m */; };
		187B750126CB7650007B29B8 /* QJComponentsDomeUITests.m in Sources */ = {isa = PBXBuildFile; fileRef = 187B750026CB7650007B29B8 /* QJComponentsDomeUITests.m */; };
		187B752226CB7C4D007B29B8 /* Assets.xcassets in Resources */ = {isa = PBXBuildFile; fileRef = 187B751226CB7C4D007B29B8 /* Assets.xcassets */; };
		187B752326CB7C4D007B29B8 /* ViewController.m in Sources */ = {isa = PBXBuildFile; fileRef = 187B751326CB7C4D007B29B8 /* ViewController.m */; };
		187B752426CB7C4D007B29B8 /* SceneDelegate.m in Sources */ = {isa = PBXBuildFile; fileRef = 187B751426CB7C4D007B29B8 /* SceneDelegate.m */; };
		187B752526CB7C4D007B29B8 /* LaunchScreen.storyboard in Resources */ = {isa = PBXBuildFile; fileRef = 187B751526CB7C4D007B29B8 /* LaunchScreen.storyboard */; };
		187B752626CB7C4D007B29B8 /* Main.storyboard in Resources */ = {isa = PBXBuildFile; fileRef = 187B751726CB7C4D007B29B8 /* Main.storyboard */; };
		187B752726CB7C4D007B29B8 /* main.m in Sources */ = {isa = PBXBuildFile; fileRef = 187B751D26CB7C4D007B29B8 /* main.m */; };
		187B752826CB7C4D007B29B8 /* AppDelegate.m in Sources */ = {isa = PBXBuildFile; fileRef = 187B751E26CB7C4D007B29B8 /* AppDelegate.m */; };
		187B752C26CB7C89007B29B8 /* UIViewController+PresentTransition.m in Sources */ = {isa = PBXBuildFile; fileRef = 187B752B26CB7C89007B29B8 /* UIViewController+PresentTransition.m */; };
		187B752F26CB7CCB007B29B8 /* PPMultiTargetProxy.m in Sources */ = {isa = PBXBuildFile; fileRef = 187B752D26CB7CCB007B29B8 /* PPMultiTargetProxy.m */; };
		187B753D26CB81BF007B29B8 /* PPTapMenumContainerView.m in Sources */ = {isa = PBXBuildFile; fileRef = 187B753126CB81BF007B29B8 /* PPTapMenumContainerView.m */; };
		187B753E26CB81BF007B29B8 /* PPTapMenumBaseCell.m in Sources */ = {isa = PBXBuildFile; fileRef = 187B753426CB81BF007B29B8 /* PPTapMenumBaseCell.m */; };
		187B753F26CB81BF007B29B8 /* PPTapMenumBaseModel.m in Sources */ = {isa = PBXBuildFile; fileRef = 187B753626CB81BF007B29B8 /* PPTapMenumBaseModel.m */; };
		187B754026CB81BF007B29B8 /* PPLabelItemCell.m in Sources */ = {isa = PBXBuildFile; fileRef = 187B753926CB81BF007B29B8 /* PPLabelItemCell.m */; };
		187B754126CB81BF007B29B8 /* PPLabelItemModel.m in Sources */ = {isa = PBXBuildFile; fileRef = 187B753A26CB81BF007B29B8 /* PPLabelItemModel.m */; };
		187B756226CCA472007B29B8 /* QJGroupModel.m in Sources */ = {isa = PBXBuildFile; fileRef = 187B755826CCA472007B29B8 /* QJGroupModel.m */; };
		187B756326CCA472007B29B8 /* QJArrowModel.m in Sources */ = {isa = PBXBuildFile; fileRef = 187B755926CCA472007B29B8 /* QJArrowModel.m */; };
		187B756426CCA472007B29B8 /* QJBaseTableViewController.m in Sources */ = {isa = PBXBuildFile; fileRef = 187B755C26CCA472007B29B8 /* QJBaseTableViewController.m */; };
		187B756526CCA472007B29B8 /* QJSwitchModel.m in Sources */ = {isa = PBXBuildFile; fileRef = 187B755E26CCA472007B29B8 /* QJSwitchModel.m */; };
		187B756626CCA472007B29B8 /* QJBaseTableViewCell.m in Sources */ = {isa = PBXBuildFile; fileRef = 187B756026CCA472007B29B8 /* QJBaseTableViewCell.m */; };
		187B756726CCA472007B29B8 /* QJBaseModel.m in Sources */ = {isa = PBXBuildFile; fileRef = 187B756126CCA472007B29B8 /* QJBaseModel.m */; };
		187B756F26CCA8DF007B29B8 /* QJWavyLinesView.m in Sources */ = {isa = PBXBuildFile; fileRef = 187B756D26CCA8DF007B29B8 /* QJWavyLinesView.m */; };
		187B757126CCAAE9007B29B8 /* README.md in Resources */ = {isa = PBXBuildFile; fileRef = 187B757026CCAAE9007B29B8 /* README.md */; };
		18833E0D2834C43D00C2B2D3 /* PPTransition.m in Sources */ = {isa = PBXBuildFile; fileRef = 18833DFA2834C43D00C2B2D3 /* PPTransition.m */; };
		18833E0E2834C43D00C2B2D3 /* PPSlideOutPanGestureRecognizer.m in Sources */ = {isa = PBXBuildFile; fileRef = 18833DFD2834C43D00C2B2D3 /* PPSlideOutPanGestureRecognizer.m */; };
		18833E0F2834C43D00C2B2D3 /* PPNavigationControllerDelegateProxy.m in Sources */ = {isa = PBXBuildFile; fileRef = 18833DFE2834C43D00C2B2D3 /* PPNavigationControllerDelegateProxy.m */; };
		18833E102834C43D00C2B2D3 /* PPWeakViewController.m in Sources */ = {isa = PBXBuildFile; fileRef = 18833DFF2834C43D00C2B2D3 /* PPWeakViewController.m */; };
		18833E112834C43D00C2B2D3 /* PPNavigationBar.m in Sources */ = {isa = PBXBuildFile; fileRef = 18833E012834C43D00C2B2D3 /* PPNavigationBar.m */; };
		18833E122834C43D00C2B2D3 /* UIViewController+PPOtherMessage.m in Sources */ = {isa = PBXBuildFile; fileRef = 18833E042834C43D00C2B2D3 /* UIViewController+PPOtherMessage.m */; };
		18833E132834C43D00C2B2D3 /* PPSlideInOutViewController.m in Sources */ = {isa = PBXBuildFile; fileRef = 18833E052834C43D00C2B2D3 /* PPSlideInOutViewController.m */; };
		18833E142834C43D00C2B2D3 /* UIViewController+PPPresentTransition.m in Sources */ = {isa = PBXBuildFile; fileRef = 18833E092834C43D00C2B2D3 /* UIViewController+PPPresentTransition.m */; };
		18833E152834C43D00C2B2D3 /* UINavigationController+PPPresentTransition.m in Sources */ = {isa = PBXBuildFile; fileRef = 18833E0B2834C43D00C2B2D3 /* UINavigationController+PPPresentTransition.m */; };
		18833E1B2834CC5000C2B2D3 /* UIView+UIViewExtension.m in Sources */ = {isa = PBXBuildFile; fileRef = 18833E1A2834CC5000C2B2D3 /* UIView+UIViewExtension.m */; };
		1893D5D8284373E1000129F1 /* PPReactNativeFileHandler.m in Sources */ = {isa = PBXBuildFile; fileRef = 1893D5C2284373E1000129F1 /* PPReactNativeFileHandler.m */; };
		1893D5D9284373E1000129F1 /* PPReactNativeDownloadManager.m in Sources */ = {isa = PBXBuildFile; fileRef = 1893D5C4284373E1000129F1 /* PPReactNativeDownloadManager.m */; };
		1893D5DA284373E1000129F1 /* PPReactNativeInfoManager.m in Sources */ = {isa = PBXBuildFile; fileRef = 1893D5C7284373E1000129F1 /* PPReactNativeInfoManager.m */; };
		1893D5DB284373E1000129F1 /* PPReactNativeUpdateManager.m in Sources */ = {isa = PBXBuildFile; fileRef = 1893D5C8284373E1000129F1 /* PPReactNativeUpdateManager.m */; };
		1893D5DC284373E1000129F1 /* DiffMatchPatchCFUtilities.c in Sources */ = {isa = PBXBuildFile; fileRef = 1893D5CB284373E1000129F1 /* DiffMatchPatchCFUtilities.c */; };
		1893D5DD284373E1000129F1 /* NSString+UnicharUtilities.m in Sources */ = {isa = PBXBuildFile; fileRef = 1893D5CF284373E1000129F1 /* NSString+UnicharUtilities.m */; };
		1893D5DE284373E1000129F1 /* DiffMatchPatch.m in Sources */ = {isa = PBXBuildFile; fileRef = 1893D5D1284373E1000129F1 /* DiffMatchPatch.m */; };
		1893D5DF284373E1000129F1 /* NSString+JavaSubstring.m in Sources */ = {isa = PBXBuildFile; fileRef = 1893D5D2284373E1000129F1 /* NSString+JavaSubstring.m */; };
		1893D5E0284373E1000129F1 /* NSString+UriCompatibility.m in Sources */ = {isa = PBXBuildFile; fileRef = 1893D5D3284373E1000129F1 /* NSString+UriCompatibility.m */; };
		1893D5E1284373E1000129F1 /* NSMutableDictionary+DMPExtensions.m in Sources */ = {isa = PBXBuildFile; fileRef = 1893D5D6284373E1000129F1 /* NSMutableDictionary+DMPExtensions.m */; };
		1893D5E528437ADB000129F1 /* PPNativeModuleHander.m in Sources */ = {isa = PBXBuildFile; fileRef = 1893D5E428437ADB000129F1 /* PPNativeModuleHander.m */; };
		1895B58726F1BB7300741175 /* NSObject+PPObserver.m in Sources */ = {isa = PBXBuildFile; fileRef = 1895B58526F1BB7300741175 /* NSObject+PPObserver.m */; };
		BE7F829C7F62F06ECE0C7F83 /* libPods-QJComponentsDome.a in Frameworks */ = {isa = PBXBuildFile; fileRef = 7AE536430E222442A5589C1B /* libPods-QJComponentsDome.a */; };
/* End PBXBuildFile section */

/* Begin PBXContainerItemProxy section */
		187B74F226CB7650007B29B8 /* PBXContainerItemProxy */ = {
			isa = PBXContainerItemProxy;
			containerPortal = 187B74CE26CB764B007B29B8 /* Project object */;
			proxyType = 1;
			remoteGlobalIDString = 187B74D526CB764B007B29B8;
			remoteInfo = QJComponentsDome;
		};
		187B74FD26CB7650007B29B8 /* PBXContainerItemProxy */ = {
			isa = PBXContainerItemProxy;
			containerPortal = 187B74CE26CB764B007B29B8 /* Project object */;
			proxyType = 1;
			remoteGlobalIDString = 187B74D526CB764B007B29B8;
			remoteInfo = QJComponentsDome;
		};
/* End PBXContainerItemProxy section */

/* Begin PBXFileReference section */
		18410B122924E62200CD5944 /* PPGifLoaderManager.m */ = {isa = PBXFileReference; fileEncoding = 4; lastKnownFileType = sourcecode.c.objc; path = PPGifLoaderManager.m; sourceTree = "<group>"; };
		18410B142924E62200CD5944 /* PPGifMemoryCache.m */ = {isa = PBXFileReference; fileEncoding = 4; lastKnownFileType = sourcecode.c.objc; path = PPGifMemoryCache.m; sourceTree = "<group>"; };
		18410B152924E62200CD5944 /* PPSysMemory.h */ = {isa = PBXFileReference; fileEncoding = 4; lastKnownFileType = sourcecode.c.h; path = PPSysMemory.h; sourceTree = "<group>"; };
		18410B162924E62200CD5944 /* PPGifDiskCache.h */ = {isa = PBXFileReference; fileEncoding = 4; lastKnownFileType = sourcecode.c.h; path = PPGifDiskCache.h; sourceTree = "<group>"; };
		18410B172924E62200CD5944 /* PPGifFrameMemoryCache.m */ = {isa = PBXFileReference; fileEncoding = 4; lastKnownFileType = sourcecode.c.objc; path = PPGifFrameMemoryCache.m; sourceTree = "<group>"; };
		18410B182924E62200CD5944 /* PPGifCacheManager.m */ = {isa = PBXFileReference; fileEncoding = 4; lastKnownFileType = sourcecode.c.objc; path = PPGifCacheManager.m; sourceTree = "<group>"; };
		18410B192924E62200CD5944 /* PPSysMemory.m */ = {isa = PBXFileReference; fileEncoding = 4; lastKnownFileType = sourcecode.c.objc; path = PPSysMemory.m; sourceTree = "<group>"; };
		18410B1A2924E62200CD5944 /* PPGifMemoryCache.h */ = {isa = PBXFileReference; fileEncoding = 4; lastKnownFileType = sourcecode.c.h; path = PPGifMemoryCache.h; sourceTree = "<group>"; };
		18410B1B2924E62200CD5944 /* PPGifFrameMemoryCache.h */ = {isa = PBXFileReference; fileEncoding = 4; lastKnownFileType = sourcecode.c.h; path = PPGifFrameMemoryCache.h; sourceTree = "<group>"; };
		18410B1C2924E62200CD5944 /* PPGifDiskCache.m */ = {isa = PBXFileReference; fileEncoding = 4; lastKnownFileType = sourcecode.c.objc; path = PPGifDiskCache.m; sourceTree = "<group>"; };
		18410B1D2924E62200CD5944 /* PPGifCacheManager.h */ = {isa = PBXFileReference; fileEncoding = 4; lastKnownFileType = sourcecode.c.h; path = PPGifCacheManager.h; sourceTree = "<group>"; };
		18410B1F2924E62200CD5944 /* UIImage+PPGifImage.h */ = {isa = PBXFileReference; fileEncoding = 4; lastKnownFileType = sourcecode.c.h; path = "UIImage+PPGifImage.h"; sourceTree = "<group>"; };
		18410B202924E62200CD5944 /* UIImageView+PPGif.m */ = {isa = PBXFileReference; fileEncoding = 4; lastKnownFileType = sourcecode.c.objc; path = "UIImageView+PPGif.m"; sourceTree = "<group>"; };
		18410B212924E62200CD5944 /* UIImage+PPGifImage.m */ = {isa = PBXFileReference; fileEncoding = 4; lastKnownFileType = sourcecode.c.objc; path = "UIImage+PPGifImage.m"; sourceTree = "<group>"; };
		18410B222924E62200CD5944 /* UIImageView+PPGif.h */ = {isa = PBXFileReference; fileEncoding = 4; lastKnownFileType = sourcecode.c.h; path = "UIImageView+PPGif.h"; sourceTree = "<group>"; };
		18410B232924E62200CD5944 /* PPGifPlayerManager.m */ = {isa = PBXFileReference; fileEncoding = 4; lastKnownFileType = sourcecode.c.objc; path = PPGifPlayerManager.m; sourceTree = "<group>"; };
		18410B242924E62200CD5944 /* PPGifLoaderManager.h */ = {isa = PBXFileReference; fileEncoding = 4; lastKnownFileType = sourcecode.c.h; path = PPGifLoaderManager.h; sourceTree = "<group>"; };
		18410B262924E62200CD5944 /* PPGifCommonType.h */ = {isa = PBXFileReference; fileEncoding = 4; lastKnownFileType = sourcecode.c.h; path = PPGifCommonType.h; sourceTree = "<group>"; };
		18410B282924E62200CD5944 /* PPGifImageViewModel.m */ = {isa = PBXFileReference; fileEncoding = 4; lastKnownFileType = sourcecode.c.objc; path = PPGifImageViewModel.m; sourceTree = "<group>"; };
		18410B292924E62200CD5944 /* PPGifFrameModel.h */ = {isa = PBXFileReference; fileEncoding = 4; lastKnownFileType = sourcecode.c.h; path = PPGifFrameModel.h; sourceTree = "<group>"; };
		18410B2A2924E62200CD5944 /* PPGifModel.m */ = {isa = PBXFileReference; fileEncoding = 4; lastKnownFileType = sourcecode.c.objc; path = PPGifModel.m; sourceTree = "<group>"; };
		18410B2B2924E62200CD5944 /* PPGifImageViewModel.h */ = {isa = PBXFileReference; fileEncoding = 4; lastKnownFileType = sourcecode.c.h; path = PPGifImageViewModel.h; sourceTree = "<group>"; };
		18410B2C2924E62200CD5944 /* PPGifFrameModel.m */ = {isa = PBXFileReference; fileEncoding = 4; lastKnownFileType = sourcecode.c.objc; path = PPGifFrameModel.m; sourceTree = "<group>"; };
		18410B2D2924E62200CD5944 /* PPGifModel.h */ = {isa = PBXFileReference; fileEncoding = 4; lastKnownFileType = sourcecode.c.h; path = PPGifModel.h; sourceTree = "<group>"; };
		18410B2E2924E62200CD5944 /* PPGifPlayerManager.h */ = {isa = PBXFileReference; fileEncoding = 4; lastKnownFileType = sourcecode.c.h; path = PPGifPlayerManager.h; sourceTree = "<group>"; };
		18410B3B2924E7A000CD5944 /* NSString+MD5.h */ = {isa = PBXFileReference; lastKnownFileType = sourcecode.c.h; path = "NSString+MD5.h"; sourceTree = "<group>"; };
		18410B3C2924E7A000CD5944 /* NSString+MD5.m */ = {isa = PBXFileReference; lastKnownFileType = sourcecode.c.objc; path = "NSString+MD5.m"; sourceTree = "<group>"; };
		186AE84A287875BD008BAE2B /* QJFormatTextField.h */ = {isa = PBXFileReference; lastKnownFileType = sourcecode.c.h; path = QJFormatTextField.h; sourceTree = "<group>"; };
		186AE84B287875BD008BAE2B /* QJFormatTextField.m */ = {isa = PBXFileReference; lastKnownFileType = sourcecode.c.objc; path = QJFormatTextField.m; sourceTree = "<group>"; };
		187172AD273E4DE500C72E9B /* PPExtensibleLabel.h */ = {isa = PBXFileReference; fileEncoding = 4; lastKnownFileType = sourcecode.c.h; path = PPExtensibleLabel.h; sourceTree = "<group>"; };
		187172AE273E4DE500C72E9B /* PPExtensibleLabel.m */ = {isa = PBXFileReference; fileEncoding = 4; lastKnownFileType = sourcecode.c.objc; path = PPExtensibleLabel.m; sourceTree = "<group>"; };
		187B74D626CB764B007B29B8 /* QJComponentsDome.app */ = {isa = PBXFileReference; explicitFileType = wrapper.application; includeInIndex = 0; path = QJComponentsDome.app; sourceTree = BUILT_PRODUCTS_DIR; };
		187B74F126CB7650007B29B8 /* QJComponentsDomeTests.xctest */ = {isa = PBXFileReference; explicitFileType = wrapper.cfbundle; includeInIndex = 0; path = QJComponentsDomeTests.xctest; sourceTree = BUILT_PRODUCTS_DIR; };
		187B74F526CB7650007B29B8 /* QJComponentsDomeTests.m */ = {isa = PBXFileReference; lastKnownFileType = sourcecode.c.objc; path = QJComponentsDomeTests.m; sourceTree = "<group>"; };
		187B74F726CB7650007B29B8 /* Info.plist */ = {isa = PBXFileReference; lastKnownFileType = text.plist.xml; path = Info.plist; sourceTree = "<group>"; };
		187B74FC26CB7650007B29B8 /* QJComponentsDomeUITests.xctest */ = {isa = PBXFileReference; explicitFileType = wrapper.cfbundle; includeInIndex = 0; path = QJComponentsDomeUITests.xctest; sourceTree = BUILT_PRODUCTS_DIR; };
		187B750026CB7650007B29B8 /* QJComponentsDomeUITests.m */ = {isa = PBXFileReference; lastKnownFileType = sourcecode.c.objc; path = QJComponentsDomeUITests.m; sourceTree = "<group>"; };
		187B750226CB7650007B29B8 /* Info.plist */ = {isa = PBXFileReference; lastKnownFileType = text.plist.xml; path = Info.plist; sourceTree = "<group>"; };
		187B751126CB7C4D007B29B8 /* AppDelegate.h */ = {isa = PBXFileReference; fileEncoding = 4; lastKnownFileType = sourcecode.c.h; path = AppDelegate.h; sourceTree = "<group>"; };
		187B751226CB7C4D007B29B8 /* Assets.xcassets */ = {isa = PBXFileReference; lastKnownFileType = folder.assetcatalog; path = Assets.xcassets; sourceTree = "<group>"; };
		187B751326CB7C4D007B29B8 /* ViewController.m */ = {isa = PBXFileReference; fileEncoding = 4; lastKnownFileType = sourcecode.c.objc; path = ViewController.m; sourceTree = "<group>"; };
		187B751426CB7C4D007B29B8 /* SceneDelegate.m */ = {isa = PBXFileReference; fileEncoding = 4; lastKnownFileType = sourcecode.c.objc; path = SceneDelegate.m; sourceTree = "<group>"; };
		187B751626CB7C4D007B29B8 /* Base */ = {isa = PBXFileReference; lastKnownFileType = file.storyboard; name = Base; path = Base.lproj/LaunchScreen.storyboard; sourceTree = "<group>"; };
		187B751826CB7C4D007B29B8 /* Base */ = {isa = PBXFileReference; lastKnownFileType = file.storyboard; name = Base; path = Base.lproj/Main.storyboard; sourceTree = "<group>"; };
		187B751D26CB7C4D007B29B8 /* main.m */ = {isa = PBXFileReference; fileEncoding = 4; lastKnownFileType = sourcecode.c.objc; path = main.m; sourceTree = "<group>"; };
		187B751E26CB7C4D007B29B8 /* AppDelegate.m */ = {isa = PBXFileReference; fileEncoding = 4; lastKnownFileType = sourcecode.c.objc; path = AppDelegate.m; sourceTree = "<group>"; };
		187B751F26CB7C4D007B29B8 /* Info.plist */ = {isa = PBXFileReference; fileEncoding = 4; lastKnownFileType = text.plist.xml; path = Info.plist; sourceTree = "<group>"; };
		187B752026CB7C4D007B29B8 /* ViewController.h */ = {isa = PBXFileReference; fileEncoding = 4; lastKnownFileType = sourcecode.c.h; path = ViewController.h; sourceTree = "<group>"; };
		187B752126CB7C4D007B29B8 /* SceneDelegate.h */ = {isa = PBXFileReference; fileEncoding = 4; lastKnownFileType = sourcecode.c.h; path = SceneDelegate.h; sourceTree = "<group>"; };
		187B752A26CB7C89007B29B8 /* UIViewController+PresentTransition.h */ = {isa = PBXFileReference; fileEncoding = 4; lastKnownFileType = sourcecode.c.h; path = "UIViewController+PresentTransition.h"; sourceTree = "<group>"; };
		187B752B26CB7C89007B29B8 /* UIViewController+PresentTransition.m */ = {isa = PBXFileReference; fileEncoding = 4; lastKnownFileType = sourcecode.c.objc; path = "UIViewController+PresentTransition.m"; sourceTree = "<group>"; };
		187B752D26CB7CCB007B29B8 /* PPMultiTargetProxy.m */ = {isa = PBXFileReference; fileEncoding = 4; lastKnownFileType = sourcecode.c.objc; path = PPMultiTargetProxy.m; sourceTree = "<group>"; };
		187B752E26CB7CCB007B29B8 /* PPMultiTargetProxy.h */ = {isa = PBXFileReference; fileEncoding = 4; lastKnownFileType = sourcecode.c.h; path = PPMultiTargetProxy.h; sourceTree = "<group>"; };
		187B753126CB81BF007B29B8 /* PPTapMenumContainerView.m */ = {isa = PBXFileReference; fileEncoding = 4; lastKnownFileType = sourcecode.c.objc; path = PPTapMenumContainerView.m; sourceTree = "<group>"; };
		187B753326CB81BF007B29B8 /* PPTapMenumBaseModel.h */ = {isa = PBXFileReference; fileEncoding = 4; lastKnownFileType = sourcecode.c.h; path = PPTapMenumBaseModel.h; sourceTree = "<group>"; };
		187B753426CB81BF007B29B8 /* PPTapMenumBaseCell.m */ = {isa = PBXFileReference; fileEncoding = 4; lastKnownFileType = sourcecode.c.objc; path = PPTapMenumBaseCell.m; sourceTree = "<group>"; };
		187B753526CB81BF007B29B8 /* PPTapMenumBaseCell.h */ = {isa = PBXFileReference; fileEncoding = 4; lastKnownFileType = sourcecode.c.h; path = PPTapMenumBaseCell.h; sourceTree = "<group>"; };
		187B753626CB81BF007B29B8 /* PPTapMenumBaseModel.m */ = {isa = PBXFileReference; fileEncoding = 4; lastKnownFileType = sourcecode.c.objc; path = PPTapMenumBaseModel.m; sourceTree = "<group>"; };
		187B753826CB81BF007B29B8 /* PPLabelItemModel.h */ = {isa = PBXFileReference; fileEncoding = 4; lastKnownFileType = sourcecode.c.h; path = PPLabelItemModel.h; sourceTree = "<group>"; };
		187B753926CB81BF007B29B8 /* PPLabelItemCell.m */ = {isa = PBXFileReference; fileEncoding = 4; lastKnownFileType = sourcecode.c.objc; path = PPLabelItemCell.m; sourceTree = "<group>"; };
		187B753A26CB81BF007B29B8 /* PPLabelItemModel.m */ = {isa = PBXFileReference; fileEncoding = 4; lastKnownFileType = sourcecode.c.objc; path = PPLabelItemModel.m; sourceTree = "<group>"; };
		187B753B26CB81BF007B29B8 /* PPLabelItemCell.h */ = {isa = PBXFileReference; fileEncoding = 4; lastKnownFileType = sourcecode.c.h; path = PPLabelItemCell.h; sourceTree = "<group>"; };
		187B753C26CB81BF007B29B8 /* PPTapMenumContainerView.h */ = {isa = PBXFileReference; fileEncoding = 4; lastKnownFileType = sourcecode.c.h; path = PPTapMenumContainerView.h; sourceTree = "<group>"; };
		187B755626CCA472007B29B8 /* QJSwitchModel.h */ = {isa = PBXFileReference; fileEncoding = 4; lastKnownFileType = sourcecode.c.h; path = QJSwitchModel.h; sourceTree = "<group>"; };
		187B755726CCA472007B29B8 /* QJBaseTableViewController.h */ = {isa = PBXFileReference; fileEncoding = 4; lastKnownFileType = sourcecode.c.h; path = QJBaseTableViewController.h; sourceTree = "<group>"; };
		187B755826CCA472007B29B8 /* QJGroupModel.m */ = {isa = PBXFileReference; fileEncoding = 4; lastKnownFileType = sourcecode.c.objc; path = QJGroupModel.m; sourceTree = "<group>"; };
		187B755926CCA472007B29B8 /* QJArrowModel.m */ = {isa = PBXFileReference; fileEncoding = 4; lastKnownFileType = sourcecode.c.objc; path = QJArrowModel.m; sourceTree = "<group>"; };
		187B755A26CCA472007B29B8 /* QJBaseModel.h */ = {isa = PBXFileReference; fileEncoding = 4; lastKnownFileType = sourcecode.c.h; path = QJBaseModel.h; sourceTree = "<group>"; };
		187B755B26CCA472007B29B8 /* QJBaseTableViewCell.h */ = {isa = PBXFileReference; fileEncoding = 4; lastKnownFileType = sourcecode.c.h; path = QJBaseTableViewCell.h; sourceTree = "<group>"; };
		187B755C26CCA472007B29B8 /* QJBaseTableViewController.m */ = {isa = PBXFileReference; fileEncoding = 4; lastKnownFileType = sourcecode.c.objc; path = QJBaseTableViewController.m; sourceTree = "<group>"; };
		187B755D26CCA472007B29B8 /* QJGroupModel.h */ = {isa = PBXFileReference; fileEncoding = 4; lastKnownFileType = sourcecode.c.h; path = QJGroupModel.h; sourceTree = "<group>"; };
		187B755E26CCA472007B29B8 /* QJSwitchModel.m */ = {isa = PBXFileReference; fileEncoding = 4; lastKnownFileType = sourcecode.c.objc; path = QJSwitchModel.m; sourceTree = "<group>"; };
		187B755F26CCA472007B29B8 /* QJArrowModel.h */ = {isa = PBXFileReference; fileEncoding = 4; lastKnownFileType = sourcecode.c.h; path = QJArrowModel.h; sourceTree = "<group>"; };
		187B756026CCA472007B29B8 /* QJBaseTableViewCell.m */ = {isa = PBXFileReference; fileEncoding = 4; lastKnownFileType = sourcecode.c.objc; path = QJBaseTableViewCell.m; sourceTree = "<group>"; };
		187B756126CCA472007B29B8 /* QJBaseModel.m */ = {isa = PBXFileReference; fileEncoding = 4; lastKnownFileType = sourcecode.c.objc; path = QJBaseModel.m; sourceTree = "<group>"; };
		187B756D26CCA8DF007B29B8 /* QJWavyLinesView.m */ = {isa = PBXFileReference; fileEncoding = 4; lastKnownFileType = sourcecode.c.objc; path = QJWavyLinesView.m; sourceTree = "<group>"; };
		187B756E26CCA8DF007B29B8 /* QJWavyLinesView.h */ = {isa = PBXFileReference; fileEncoding = 4; lastKnownFileType = sourcecode.c.h; path = QJWavyLinesView.h; sourceTree = "<group>"; };
		187B757026CCAAE9007B29B8 /* README.md */ = {isa = PBXFileReference; fileEncoding = 4; lastKnownFileType = net.daringfireball.markdown; path = README.md; sourceTree = SOURCE_ROOT; };
		18833DF82834C43D00C2B2D3 /* PPWeakViewController.h */ = {isa = PBXFileReference; fileEncoding = 4; lastKnownFileType = sourcecode.c.h; path = PPWeakViewController.h; sourceTree = "<group>"; };
		18833DFA2834C43D00C2B2D3 /* PPTransition.m */ = {isa = PBXFileReference; fileEncoding = 4; lastKnownFileType = sourcecode.c.objc; path = PPTransition.m; sourceTree = "<group>"; };
		18833DFB2834C43D00C2B2D3 /* PPSlideOutPanGestureRecognizer.h */ = {isa = PBXFileReference; fileEncoding = 4; lastKnownFileType = sourcecode.c.h; path = PPSlideOutPanGestureRecognizer.h; sourceTree = "<group>"; };
		18833DFC2834C43D00C2B2D3 /* PPTransition.h */ = {isa = PBXFileReference; fileEncoding = 4; lastKnownFileType = sourcecode.c.h; path = PPTransition.h; sourceTree = "<group>"; };
		18833DFD2834C43D00C2B2D3 /* PPSlideOutPanGestureRecognizer.m */ = {isa = PBXFileReference; fileEncoding = 4; lastKnownFileType = sourcecode.c.objc; path = PPSlideOutPanGestureRecognizer.m; sourceTree = "<group>"; };
		18833DFE2834C43D00C2B2D3 /* PPNavigationControllerDelegateProxy.m */ = {isa = PBXFileReference; fileEncoding = 4; lastKnownFileType = sourcecode.c.objc; path = PPNavigationControllerDelegateProxy.m; sourceTree = "<group>"; };
		18833DFF2834C43D00C2B2D3 /* PPWeakViewController.m */ = {isa = PBXFileReference; fileEncoding = 4; lastKnownFileType = sourcecode.c.objc; path = PPWeakViewController.m; sourceTree = "<group>"; };
		18833E012834C43D00C2B2D3 /* PPNavigationBar.m */ = {isa = PBXFileReference; fileEncoding = 4; lastKnownFileType = sourcecode.c.objc; path = PPNavigationBar.m; sourceTree = "<group>"; };
		18833E022834C43D00C2B2D3 /* PPNavigationBar.h */ = {isa = PBXFileReference; fileEncoding = 4; lastKnownFileType = sourcecode.c.h; path = PPNavigationBar.h; sourceTree = "<group>"; };
		18833E042834C43D00C2B2D3 /* UIViewController+PPOtherMessage.m */ = {isa = PBXFileReference; fileEncoding = 4; lastKnownFileType = sourcecode.c.objc; path = "UIViewController+PPOtherMessage.m"; sourceTree = "<group>"; };
		18833E052834C43D00C2B2D3 /* PPSlideInOutViewController.m */ = {isa = PBXFileReference; fileEncoding = 4; lastKnownFileType = sourcecode.c.objc; path = PPSlideInOutViewController.m; sourceTree = "<group>"; };
		18833E062834C43D00C2B2D3 /* UIViewController+PPPresentTransition.h */ = {isa = PBXFileReference; fileEncoding = 4; lastKnownFileType = sourcecode.c.h; path = "UIViewController+PPPresentTransition.h"; sourceTree = "<group>"; };
		18833E072834C43D00C2B2D3 /* UINavigationController+PPPresentTransition.h */ = {isa = PBXFileReference; fileEncoding = 4; lastKnownFileType = sourcecode.c.h; path = "UINavigationController+PPPresentTransition.h"; sourceTree = "<group>"; };
		18833E082834C43D00C2B2D3 /* UIViewController+PPOtherMessage.h */ = {isa = PBXFileReference; fileEncoding = 4; lastKnownFileType = sourcecode.c.h; path = "UIViewController+PPOtherMessage.h"; sourceTree = "<group>"; };
		18833E092834C43D00C2B2D3 /* UIViewController+PPPresentTransition.m */ = {isa = PBXFileReference; fileEncoding = 4; lastKnownFileType = sourcecode.c.objc; path = "UIViewController+PPPresentTransition.m"; sourceTree = "<group>"; };
		18833E0A2834C43D00C2B2D3 /* PPSlideInOutViewController.h */ = {isa = PBXFileReference; fileEncoding = 4; lastKnownFileType = sourcecode.c.h; path = PPSlideInOutViewController.h; sourceTree = "<group>"; };
		18833E0B2834C43D00C2B2D3 /* UINavigationController+PPPresentTransition.m */ = {isa = PBXFileReference; fileEncoding = 4; lastKnownFileType = sourcecode.c.objc; path = "UINavigationController+PPPresentTransition.m"; sourceTree = "<group>"; };
		18833E0C2834C43D00C2B2D3 /* PPNavigationControllerDelegateProxy.h */ = {isa = PBXFileReference; fileEncoding = 4; lastKnownFileType = sourcecode.c.h; path = PPNavigationControllerDelegateProxy.h; sourceTree = "<group>"; };
		18833E192834CC5000C2B2D3 /* UIView+UIViewExtension.h */ = {isa = PBXFileReference; fileEncoding = 4; lastKnownFileType = sourcecode.c.h; path = "UIView+UIViewExtension.h"; sourceTree = "<group>"; };
		18833E1A2834CC5000C2B2D3 /* UIView+UIViewExtension.m */ = {isa = PBXFileReference; fileEncoding = 4; lastKnownFileType = sourcecode.c.objc; path = "UIView+UIViewExtension.m"; sourceTree = "<group>"; };
		1893D5C2284373E1000129F1 /* PPReactNativeFileHandler.m */ = {isa = PBXFileReference; fileEncoding = 4; lastKnownFileType = sourcecode.c.objc; path = PPReactNativeFileHandler.m; sourceTree = "<group>"; };
		1893D5C3284373E1000129F1 /* PPReactNativeInfoManager.h */ = {isa = PBXFileReference; fileEncoding = 4; lastKnownFileType = sourcecode.c.h; path = PPReactNativeInfoManager.h; sourceTree = "<group>"; };
		1893D5C4284373E1000129F1 /* PPReactNativeDownloadManager.m */ = {isa = PBXFileReference; fileEncoding = 4; lastKnownFileType = sourcecode.c.objc; path = PPReactNativeDownloadManager.m; sourceTree = "<group>"; };
		1893D5C5284373E1000129F1 /* PPReactNativeFileHandler.h */ = {isa = PBXFileReference; fileEncoding = 4; lastKnownFileType = sourcecode.c.h; path = PPReactNativeFileHandler.h; sourceTree = "<group>"; };
		1893D5C6284373E1000129F1 /* PPReactNativeDownloadManager.h */ = {isa = PBXFileReference; fileEncoding = 4; lastKnownFileType = sourcecode.c.h; path = PPReactNativeDownloadManager.h; sourceTree = "<group>"; };
		1893D5C7284373E1000129F1 /* PPReactNativeInfoManager.m */ = {isa = PBXFileReference; fileEncoding = 4; lastKnownFileType = sourcecode.c.objc; path = PPReactNativeInfoManager.m; sourceTree = "<group>"; };
		1893D5C8284373E1000129F1 /* PPReactNativeUpdateManager.m */ = {isa = PBXFileReference; fileEncoding = 4; lastKnownFileType = sourcecode.c.objc; path = PPReactNativeUpdateManager.m; sourceTree = "<group>"; };
		1893D5CA284373E1000129F1 /* DiffMatchPatch.h */ = {isa = PBXFileReference; fileEncoding = 4; lastKnownFileType = sourcecode.c.h; path = DiffMatchPatch.h; sourceTree = "<group>"; };
		1893D5CB284373E1000129F1 /* DiffMatchPatchCFUtilities.c */ = {isa = PBXFileReference; fileEncoding = 4; lastKnownFileType = sourcecode.c.c; path = DiffMatchPatchCFUtilities.c; sourceTree = "<group>"; };
		1893D5CC284373E1000129F1 /* NSString+UriCompatibility.h */ = {isa = PBXFileReference; fileEncoding = 4; lastKnownFileType = sourcecode.c.h; path = "NSString+UriCompatibility.h"; sourceTree = "<group>"; };
		1893D5CD284373E1000129F1 /* NSString+JavaSubstring.h */ = {isa = PBXFileReference; fileEncoding = 4; lastKnownFileType = sourcecode.c.h; path = "NSString+JavaSubstring.h"; sourceTree = "<group>"; };
		1893D5CE284373E1000129F1 /* NSMutableDictionary+DMPExtensions.h */ = {isa = PBXFileReference; fileEncoding = 4; lastKnownFileType = sourcecode.c.h; path = "NSMutableDictionary+DMPExtensions.h"; sourceTree = "<group>"; };
		1893D5CF284373E1000129F1 /* NSString+UnicharUtilities.m */ = {isa = PBXFileReference; fileEncoding = 4; lastKnownFileType = sourcecode.c.objc; path = "NSString+UnicharUtilities.m"; sourceTree = "<group>"; };
		1893D5D0284373E1000129F1 /* DiffMatchPatchCFUtilities.h */ = {isa = PBXFileReference; fileEncoding = 4; lastKnownFileType = sourcecode.c.h; path = DiffMatchPatchCFUtilities.h; sourceTree = "<group>"; };
		1893D5D1284373E1000129F1 /* DiffMatchPatch.m */ = {isa = PBXFileReference; fileEncoding = 4; lastKnownFileType = sourcecode.c.objc; path = DiffMatchPatch.m; sourceTree = "<group>"; };
		1893D5D2284373E1000129F1 /* NSString+JavaSubstring.m */ = {isa = PBXFileReference; fileEncoding = 4; lastKnownFileType = sourcecode.c.objc; path = "NSString+JavaSubstring.m"; sourceTree = "<group>"; };
		1893D5D3284373E1000129F1 /* NSString+UriCompatibility.m */ = {isa = PBXFileReference; fileEncoding = 4; lastKnownFileType = sourcecode.c.objc; path = "NSString+UriCompatibility.m"; sourceTree = "<group>"; };
		1893D5D4284373E1000129F1 /* NSString+UnicharUtilities.h */ = {isa = PBXFileReference; fileEncoding = 4; lastKnownFileType = sourcecode.c.h; path = "NSString+UnicharUtilities.h"; sourceTree = "<group>"; };
		1893D5D5284373E1000129F1 /* MinMaxMacros.h */ = {isa = PBXFileReference; fileEncoding = 4; lastKnownFileType = sourcecode.c.h; path = MinMaxMacros.h; sourceTree = "<group>"; };
		1893D5D6284373E1000129F1 /* NSMutableDictionary+DMPExtensions.m */ = {isa = PBXFileReference; fileEncoding = 4; lastKnownFileType = sourcecode.c.objc; path = "NSMutableDictionary+DMPExtensions.m"; sourceTree = "<group>"; };
		1893D5D7284373E1000129F1 /* PPReactNativeUpdateManager.h */ = {isa = PBXFileReference; fileEncoding = 4; lastKnownFileType = sourcecode.c.h; path = PPReactNativeUpdateManager.h; sourceTree = "<group>"; };
		1893D5E328437ADB000129F1 /* PPNativeModuleHander.h */ = {isa = PBXFileReference; fileEncoding = 4; lastKnownFileType = sourcecode.c.h; path = PPNativeModuleHander.h; sourceTree = "<group>"; };
		1893D5E428437ADB000129F1 /* PPNativeModuleHander.m */ = {isa = PBXFileReference; fileEncoding = 4; lastKnownFileType = sourcecode.c.objc; path = PPNativeModuleHander.m; sourceTree = "<group>"; };
		1895B58526F1BB7300741175 /* NSObject+PPObserver.m */ = {isa = PBXFileReference; fileEncoding = 4; lastKnownFileType = sourcecode.c.objc; path = "NSObject+PPObserver.m"; sourceTree = "<group>"; };
		1895B58626F1BB7300741175 /* NSObject+PPObserver.h */ = {isa = PBXFileReference; fileEncoding = 4; lastKnownFileType = sourcecode.c.h; path = "NSObject+PPObserver.h"; sourceTree = "<group>"; };
		7AE536430E222442A5589C1B /* libPods-QJComponentsDome.a */ = {isa = PBXFileReference; explicitFileType = archive.ar; includeInIndex = 0; path = "libPods-QJComponentsDome.a"; sourceTree = BUILT_PRODUCTS_DIR; };
		A0FAD20CF48CC89A202E2CBA /* Pods-QJComponentsDome.debug.xcconfig */ = {isa = PBXFileReference; includeInIndex = 1; lastKnownFileType = text.xcconfig; name = "Pods-QJComponentsDome.debug.xcconfig"; path = "Target Support Files/Pods-QJComponentsDome/Pods-QJComponentsDome.debug.xcconfig"; sourceTree = "<group>"; };
		FC9CD9E6E977C3AA1085803B /* Pods-QJComponentsDome.release.xcconfig */ = {isa = PBXFileReference; includeInIndex = 1; lastKnownFileType = text.xcconfig; name = "Pods-QJComponentsDome.release.xcconfig"; path = "Target Support Files/Pods-QJComponentsDome/Pods-QJComponentsDome.release.xcconfig"; sourceTree = "<group>"; };
/* End PBXFileReference section */

/* Begin PBXFrameworksBuildPhase section */
		187B74D326CB764B007B29B8 /* Frameworks */ = {
			isa = PBXFrameworksBuildPhase;
			buildActionMask = 2147483647;
			files = (
				BE7F829C7F62F06ECE0C7F83 /* libPods-QJComponentsDome.a in Frameworks */,
			);
			runOnlyForDeploymentPostprocessing = 0;
		};
		187B74EE26CB7650007B29B8 /* Frameworks */ = {
			isa = PBXFrameworksBuildPhase;
			buildActionMask = 2147483647;
			files = (
			);
			runOnlyForDeploymentPostprocessing = 0;
		};
		187B74F926CB7650007B29B8 /* Frameworks */ = {
			isa = PBXFrameworksBuildPhase;
			buildActionMask = 2147483647;
			files = (
			);
			runOnlyForDeploymentPostprocessing = 0;
		};
/* End PBXFrameworksBuildPhase section */

/* Begin PBXGroup section */
		18410B112924E62200CD5944 /* GifHelper */ = {
			isa = PBXGroup;
			children = (
				18410B242924E62200CD5944 /* PPGifLoaderManager.h */,
				18410B122924E62200CD5944 /* PPGifLoaderManager.m */,
				18410B2E2924E62200CD5944 /* PPGifPlayerManager.h */,
				18410B232924E62200CD5944 /* PPGifPlayerManager.m */,
				18410B132924E62200CD5944 /* Cache */,
				18410B1E2924E62200CD5944 /* Category */,
				18410B252924E62200CD5944 /* Common */,
				18410B272924E62200CD5944 /* GifModel */,
			);
			path = GifHelper;
			sourceTree = "<group>";
		};
		18410B132924E62200CD5944 /* Cache */ = {
			isa = PBXGroup;
			children = (
				18410B142924E62200CD5944 /* PPGifMemoryCache.m */,
				18410B152924E62200CD5944 /* PPSysMemory.h */,
				18410B162924E62200CD5944 /* PPGifDiskCache.h */,
				18410B172924E62200CD5944 /* PPGifFrameMemoryCache.m */,
				18410B182924E62200CD5944 /* PPGifCacheManager.m */,
				18410B192924E62200CD5944 /* PPSysMemory.m */,
				18410B1A2924E62200CD5944 /* PPGifMemoryCache.h */,
				18410B1B2924E62200CD5944 /* PPGifFrameMemoryCache.h */,
				18410B1C2924E62200CD5944 /* PPGifDiskCache.m */,
				18410B1D2924E62200CD5944 /* PPGifCacheManager.h */,
			);
			path = Cache;
			sourceTree = "<group>";
		};
		18410B1E2924E62200CD5944 /* Category */ = {
			isa = PBXGroup;
			children = (
				18410B1F2924E62200CD5944 /* UIImage+PPGifImage.h */,
				18410B202924E62200CD5944 /* UIImageView+PPGif.m */,
				18410B212924E62200CD5944 /* UIImage+PPGifImage.m */,
				18410B222924E62200CD5944 /* UIImageView+PPGif.h */,
				18410B3B2924E7A000CD5944 /* NSString+MD5.h */,
				18410B3C2924E7A000CD5944 /* NSString+MD5.m */,
			);
			path = Category;
			sourceTree = "<group>";
		};
		18410B252924E62200CD5944 /* Common */ = {
			isa = PBXGroup;
			children = (
				18410B262924E62200CD5944 /* PPGifCommonType.h */,
			);
			path = Common;
			sourceTree = "<group>";
		};
		18410B272924E62200CD5944 /* GifModel */ = {
			isa = PBXGroup;
			children = (
				18410B282924E62200CD5944 /* PPGifImageViewModel.m */,
				18410B292924E62200CD5944 /* PPGifFrameModel.h */,
				18410B2A2924E62200CD5944 /* PPGifModel.m */,
				18410B2B2924E62200CD5944 /* PPGifImageViewModel.h */,
				18410B2C2924E62200CD5944 /* PPGifFrameModel.m */,
				18410B2D2924E62200CD5944 /* PPGifModel.h */,
			);
			path = GifModel;
			sourceTree = "<group>";
		};
		186AE8492878756A008BAE2B /* UITextField */ = {
			isa = PBXGroup;
			children = (
				186AE84A287875BD008BAE2B /* QJFormatTextField.h */,
				186AE84B287875BD008BAE2B /* QJFormatTextField.m */,
			);
			path = UITextField;
			sourceTree = "<group>";
		};
		187172AB273E4DA700C72E9B /* UIKit基本类扩展 */ = {
			isa = PBXGroup;
			children = (
				186AE8492878756A008BAE2B /* UITextField */,
				187172AC273E4DD700C72E9B /* UILabel */,
			);
			path = "UIKit基本类扩展";
			sourceTree = "<group>";
		};
		187172AC273E4DD700C72E9B /* UILabel */ = {
			isa = PBXGroup;
			children = (
				187172AD273E4DE500C72E9B /* PPExtensibleLabel.h */,
				187172AE273E4DE500C72E9B /* PPExtensibleLabel.m */,
			);
			path = UILabel;
			sourceTree = "<group>";
		};
		187B74CD26CB764B007B29B8 = {
			isa = PBXGroup;
			children = (
				187B751026CB7C4D007B29B8 /* QJComponentsDome */,
				187B74F426CB7650007B29B8 /* QJComponentsDomeTests */,
				187B74FF26CB7650007B29B8 /* QJComponentsDomeUITests */,
				187B74D726CB764B007B29B8 /* Products */,
				429FDC66F80A55BF2A2E409A /* Pods */,
				AAE0D1BF52122FD6891414F9 /* Frameworks */,
			);
			sourceTree = "<group>";
		};
		187B74D726CB764B007B29B8 /* Products */ = {
			isa = PBXGroup;
			children = (
				187B74D626CB764B007B29B8 /* QJComponentsDome.app */,
				187B74F126CB7650007B29B8 /* QJComponentsDomeTests.xctest */,
				187B74FC26CB7650007B29B8 /* QJComponentsDomeUITests.xctest */,
			);
			name = Products;
			sourceTree = "<group>";
		};
		187B74F426CB7650007B29B8 /* QJComponentsDomeTests */ = {
			isa = PBXGroup;
			children = (
				187B74F526CB7650007B29B8 /* QJComponentsDomeTests.m */,
				187B74F726CB7650007B29B8 /* Info.plist */,
			);
			path = QJComponentsDomeTests;
			sourceTree = "<group>";
		};
		187B74FF26CB7650007B29B8 /* QJComponentsDomeUITests */ = {
			isa = PBXGroup;
			children = (
				187B750026CB7650007B29B8 /* QJComponentsDomeUITests.m */,
				187B750226CB7650007B29B8 /* Info.plist */,
			);
			path = QJComponentsDomeUITests;
			sourceTree = "<group>";
		};
		187B751026CB7C4D007B29B8 /* QJComponentsDome */ = {
			isa = PBXGroup;
			children = (
				187B757026CCAAE9007B29B8 /* README.md */,
				187B751926CB7C4D007B29B8 /* Components */,
				187B751126CB7C4D007B29B8 /* AppDelegate.h */,
				187B751226CB7C4D007B29B8 /* Assets.xcassets */,
				187B751326CB7C4D007B29B8 /* ViewController.m */,
				187B751426CB7C4D007B29B8 /* SceneDelegate.m */,
				187B751526CB7C4D007B29B8 /* LaunchScreen.storyboard */,
				187B751726CB7C4D007B29B8 /* Main.storyboard */,
				187B751D26CB7C4D007B29B8 /* main.m */,
				187B751E26CB7C4D007B29B8 /* AppDelegate.m */,
				187B751F26CB7C4D007B29B8 /* Info.plist */,
				187B752026CB7C4D007B29B8 /* ViewController.h */,
				187B752126CB7C4D007B29B8 /* SceneDelegate.h */,
			);
			path = QJComponentsDome;
			sourceTree = "<group>";
		};
		187B751926CB7C4D007B29B8 /* Components */ = {
			isa = PBXGroup;
			children = (
				18410B112924E62200CD5944 /* GifHelper */,
				1893D5BF284373E1000129F1 /* ReactNative */,
				187172AB273E4DA700C72E9B /* UIKit基本类扩展 */,
				1895B58426F1BB7300741175 /* Categery */,
				187B756826CCA5E0007B29B8 /* 图形 */,
				187B751A26CB7C4D007B29B8 /* 容器 */,
				187B751B26CB7C4D007B29B8 /* Poxry消息转发 */,
				187B751C26CB7C4D007B29B8 /* UIViewController */,
			);
			path = Components;
			sourceTree = "<group>";
		};
		187B751A26CB7C4D007B29B8 /* 容器 */ = {
			isa = PBXGroup;
			children = (
				187B755526CCA472007B29B8 /* QJBaseTableViewController */,
				187B753026CB81BF007B29B8 /* TapMenuContainerView */,
			);
			path = "容器";
			sourceTree = "<group>";
		};
		187B751B26CB7C4D007B29B8 /* Poxry消息转发 */ = {
			isa = PBXGroup;
			children = (
				187B752E26CB7CCB007B29B8 /* PPMultiTargetProxy.h */,
				187B752D26CB7CCB007B29B8 /* PPMultiTargetProxy.m */,
			);
			path = "Poxry消息转发";
			sourceTree = "<group>";
		};
		187B751C26CB7C4D007B29B8 /* UIViewController */ = {
			isa = PBXGroup;
			children = (
				18833DF72834C43D00C2B2D3 /* PPPresentTransition */,
				187B752A26CB7C89007B29B8 /* UIViewController+PresentTransition.h */,
				187B752B26CB7C89007B29B8 /* UIViewController+PresentTransition.m */,
			);
			path = UIViewController;
			sourceTree = "<group>";
		};
		187B753026CB81BF007B29B8 /* TapMenuContainerView */ = {
			isa = PBXGroup;
			children = (
				187B753C26CB81BF007B29B8 /* PPTapMenumContainerView.h */,
				187B753126CB81BF007B29B8 /* PPTapMenumContainerView.m */,
				187B753226CB81BF007B29B8 /* BaseItem */,
				187B753726CB81BF007B29B8 /* LabelItem */,
			);
			path = TapMenuContainerView;
			sourceTree = "<group>";
		};
		187B753226CB81BF007B29B8 /* BaseItem */ = {
			isa = PBXGroup;
			children = (
				187B753526CB81BF007B29B8 /* PPTapMenumBaseCell.h */,
				187B753426CB81BF007B29B8 /* PPTapMenumBaseCell.m */,
				187B753326CB81BF007B29B8 /* PPTapMenumBaseModel.h */,
				187B753626CB81BF007B29B8 /* PPTapMenumBaseModel.m */,
			);
			path = BaseItem;
			sourceTree = "<group>";
		};
		187B753726CB81BF007B29B8 /* LabelItem */ = {
			isa = PBXGroup;
			children = (
				187B753826CB81BF007B29B8 /* PPLabelItemModel.h */,
				187B753A26CB81BF007B29B8 /* PPLabelItemModel.m */,
				187B753B26CB81BF007B29B8 /* PPLabelItemCell.h */,
				187B753926CB81BF007B29B8 /* PPLabelItemCell.m */,
			);
			path = LabelItem;
			sourceTree = "<group>";
		};
		187B755526CCA472007B29B8 /* QJBaseTableViewController */ = {
			isa = PBXGroup;
			children = (
				187B755726CCA472007B29B8 /* QJBaseTableViewController.h */,
				187B755C26CCA472007B29B8 /* QJBaseTableViewController.m */,
				187B755D26CCA472007B29B8 /* QJGroupModel.h */,
				187B755826CCA472007B29B8 /* QJGroupModel.m */,
				187B755A26CCA472007B29B8 /* QJBaseModel.h */,
				187B756126CCA472007B29B8 /* QJBaseModel.m */,
				187B755626CCA472007B29B8 /* QJSwitchModel.h */,
				187B755E26CCA472007B29B8 /* QJSwitchModel.m */,
				187B755F26CCA472007B29B8 /* QJArrowModel.h */,
				187B755926CCA472007B29B8 /* QJArrowModel.m */,
				187B755B26CCA472007B29B8 /* QJBaseTableViewCell.h */,
				187B756026CCA472007B29B8 /* QJBaseTableViewCell.m */,
			);
			path = QJBaseTableViewController;
			sourceTree = "<group>";
		};
		187B756826CCA5E0007B29B8 /* 图形 */ = {
			isa = PBXGroup;
			children = (
				187B756C26CCA8DF007B29B8 /* 声音波形图 */,
			);
			path = "图形";
			sourceTree = "<group>";
		};
		187B756C26CCA8DF007B29B8 /* 声音波形图 */ = {
			isa = PBXGroup;
			children = (
				187B756E26CCA8DF007B29B8 /* QJWavyLinesView.h */,
				187B756D26CCA8DF007B29B8 /* QJWavyLinesView.m */,
			);
			path = "声音波形图";
			sourceTree = "<group>";
		};
		18833DF72834C43D00C2B2D3 /* PPPresentTransition */ = {
			isa = PBXGroup;
			children = (
				18833DF92834C43D00C2B2D3 /* Animation */,
				18833E002834C43D00C2B2D3 /* View */,
				18833E032834C43D00C2B2D3 /* ViewController */,
				18833E0C2834C43D00C2B2D3 /* PPNavigationControllerDelegateProxy.h */,
				18833DFE2834C43D00C2B2D3 /* PPNavigationControllerDelegateProxy.m */,
				18833DF82834C43D00C2B2D3 /* PPWeakViewController.h */,
				18833DFF2834C43D00C2B2D3 /* PPWeakViewController.m */,
			);
			path = PPPresentTransition;
			sourceTree = "<group>";
		};
		18833DF92834C43D00C2B2D3 /* Animation */ = {
			isa = PBXGroup;
			children = (
				18833DFC2834C43D00C2B2D3 /* PPTransition.h */,
				18833DFA2834C43D00C2B2D3 /* PPTransition.m */,
				18833DFB2834C43D00C2B2D3 /* PPSlideOutPanGestureRecognizer.h */,
				18833DFD2834C43D00C2B2D3 /* PPSlideOutPanGestureRecognizer.m */,
			);
			path = Animation;
			sourceTree = "<group>";
		};
		18833E002834C43D00C2B2D3 /* View */ = {
			isa = PBXGroup;
			children = (
				18833E022834C43D00C2B2D3 /* PPNavigationBar.h */,
				18833E012834C43D00C2B2D3 /* PPNavigationBar.m */,
			);
			path = View;
			sourceTree = "<group>";
		};
		18833E032834C43D00C2B2D3 /* ViewController */ = {
			isa = PBXGroup;
			children = (
				18833E062834C43D00C2B2D3 /* UIViewController+PPPresentTransition.h */,
				18833E092834C43D00C2B2D3 /* UIViewController+PPPresentTransition.m */,
				18833E072834C43D00C2B2D3 /* UINavigationController+PPPresentTransition.h */,
				18833E0B2834C43D00C2B2D3 /* UINavigationController+PPPresentTransition.m */,
				18833E082834C43D00C2B2D3 /* UIViewController+PPOtherMessage.h */,
				18833E042834C43D00C2B2D3 /* UIViewController+PPOtherMessage.m */,
				18833E0A2834C43D00C2B2D3 /* PPSlideInOutViewController.h */,
				18833E052834C43D00C2B2D3 /* PPSlideInOutViewController.m */,
			);
			path = ViewController;
			sourceTree = "<group>";
		};
		1893D5BF284373E1000129F1 /* ReactNative */ = {
			isa = PBXGroup;
			children = (
				1893D5E228437ADB000129F1 /* NativeModuleHander */,
				1893D5C0284373E1000129F1 /* ReactNativeUpdate */,
			);
			path = ReactNative;
			sourceTree = "<group>";
		};
		1893D5C0284373E1000129F1 /* ReactNativeUpdate */ = {
			isa = PBXGroup;
			children = (
				1893D5D7284373E1000129F1 /* PPReactNativeUpdateManager.h */,
				1893D5C8284373E1000129F1 /* PPReactNativeUpdateManager.m */,
				1893D5C1284373E1000129F1 /* ReactNativeFileHandler */,
				1893D5C9284373E1000129F1 /* DiffMatchPatch */,
			);
			path = ReactNativeUpdate;
			sourceTree = "<group>";
		};
		1893D5C1284373E1000129F1 /* ReactNativeFileHandler */ = {
			isa = PBXGroup;
			children = (
				1893D5C5284373E1000129F1 /* PPReactNativeFileHandler.h */,
				1893D5C2284373E1000129F1 /* PPReactNativeFileHandler.m */,
				1893D5C3284373E1000129F1 /* PPReactNativeInfoManager.h */,
				1893D5C7284373E1000129F1 /* PPReactNativeInfoManager.m */,
				1893D5C6284373E1000129F1 /* PPReactNativeDownloadManager.h */,
				1893D5C4284373E1000129F1 /* PPReactNativeDownloadManager.m */,
			);
			path = ReactNativeFileHandler;
			sourceTree = "<group>";
		};
		1893D5C9284373E1000129F1 /* DiffMatchPatch */ = {
			isa = PBXGroup;
			children = (
				1893D5CA284373E1000129F1 /* DiffMatchPatch.h */,
				1893D5CB284373E1000129F1 /* DiffMatchPatchCFUtilities.c */,
				1893D5CC284373E1000129F1 /* NSString+UriCompatibility.h */,
				1893D5CD284373E1000129F1 /* NSString+JavaSubstring.h */,
				1893D5CE284373E1000129F1 /* NSMutableDictionary+DMPExtensions.h */,
				1893D5CF284373E1000129F1 /* NSString+UnicharUtilities.m */,
				1893D5D0284373E1000129F1 /* DiffMatchPatchCFUtilities.h */,
				1893D5D1284373E1000129F1 /* DiffMatchPatch.m */,
				1893D5D2284373E1000129F1 /* NSString+JavaSubstring.m */,
				1893D5D3284373E1000129F1 /* NSString+UriCompatibility.m */,
				1893D5D4284373E1000129F1 /* NSString+UnicharUtilities.h */,
				1893D5D5284373E1000129F1 /* MinMaxMacros.h */,
				1893D5D6284373E1000129F1 /* NSMutableDictionary+DMPExtensions.m */,
			);
			path = DiffMatchPatch;
			sourceTree = "<group>";
		};
		1893D5E228437ADB000129F1 /* NativeModuleHander */ = {
			isa = PBXGroup;
			children = (
				1893D5E328437ADB000129F1 /* PPNativeModuleHander.h */,
				1893D5E428437ADB000129F1 /* PPNativeModuleHander.m */,
			);
			path = NativeModuleHander;
			sourceTree = "<group>";
		};
		1895B58426F1BB7300741175 /* Categery */ = {
			isa = PBXGroup;
			children = (
				1895B58626F1BB7300741175 /* NSObject+PPObserver.h */,
				1895B58526F1BB7300741175 /* NSObject+PPObserver.m */,
				18833E192834CC5000C2B2D3 /* UIView+UIViewExtension.h */,
				18833E1A2834CC5000C2B2D3 /* UIView+UIViewExtension.m */,
			);
			path = Categery;
			sourceTree = "<group>";
		};
		429FDC66F80A55BF2A2E409A /* Pods */ = {
			isa = PBXGroup;
			children = (
				A0FAD20CF48CC89A202E2CBA /* Pods-QJComponentsDome.debug.xcconfig */,
				FC9CD9E6E977C3AA1085803B /* Pods-QJComponentsDome.release.xcconfig */,
			);
			path = Pods;
			sourceTree = "<group>";
		};
		AAE0D1BF52122FD6891414F9 /* Frameworks */ = {
			isa = PBXGroup;
			children = (
				7AE536430E222442A5589C1B /* libPods-QJComponentsDome.a */,
			);
			name = Frameworks;
			sourceTree = "<group>";
		};
/* End PBXGroup section */

/* Begin PBXNativeTarget section */
		187B74D526CB764B007B29B8 /* QJComponentsDome */ = {
			isa = PBXNativeTarget;
			buildConfigurationList = 187B750526CB7650007B29B8 /* Build configuration list for PBXNativeTarget "QJComponentsDome" */;
			buildPhases = (
				5BC0ED3B415844B46DC13773 /* [CP] Check Pods Manifest.lock */,
				187B74D226CB764B007B29B8 /* Sources */,
				187B74D326CB764B007B29B8 /* Frameworks */,
				187B74D426CB764B007B29B8 /* Resources */,
			);
			buildRules = (
			);
			dependencies = (
			);
			name = QJComponentsDome;
			productName = QJComponentsDome;
			productReference = 187B74D626CB764B007B29B8 /* QJComponentsDome.app */;
			productType = "com.apple.product-type.application";
		};
		187B74F026CB7650007B29B8 /* QJComponentsDomeTests */ = {
			isa = PBXNativeTarget;
			buildConfigurationList = 187B750826CB7650007B29B8 /* Build configuration list for PBXNativeTarget "QJComponentsDomeTests" */;
			buildPhases = (
				187B74ED26CB7650007B29B8 /* Sources */,
				187B74EE26CB7650007B29B8 /* Frameworks */,
				187B74EF26CB7650007B29B8 /* Resources */,
			);
			buildRules = (
			);
			dependencies = (
				187B74F326CB7650007B29B8 /* PBXTargetDependency */,
			);
			name = QJComponentsDomeTests;
			productName = QJComponentsDomeTests;
			productReference = 187B74F126CB7650007B29B8 /* QJComponentsDomeTests.xctest */;
			productType = "com.apple.product-type.bundle.unit-test";
		};
		187B74FB26CB7650007B29B8 /* QJComponentsDomeUITests */ = {
			isa = PBXNativeTarget;
			buildConfigurationList = 187B750B26CB7650007B29B8 /* Build configuration list for PBXNativeTarget "QJComponentsDomeUITests" */;
			buildPhases = (
				187B74F826CB7650007B29B8 /* Sources */,
				187B74F926CB7650007B29B8 /* Frameworks */,
				187B74FA26CB7650007B29B8 /* Resources */,
			);
			buildRules = (
			);
			dependencies = (
				187B74FE26CB7650007B29B8 /* PBXTargetDependency */,
			);
			name = QJComponentsDomeUITests;
			productName = QJComponentsDomeUITests;
			productReference = 187B74FC26CB7650007B29B8 /* QJComponentsDomeUITests.xctest */;
			productType = "com.apple.product-type.bundle.ui-testing";
		};
/* End PBXNativeTarget section */

/* Begin PBXProject section */
		187B74CE26CB764B007B29B8 /* Project object */ = {
			isa = PBXProject;
			attributes = {
				LastUpgradeCheck = 1250;
				TargetAttributes = {
					187B74D526CB764B007B29B8 = {
						CreatedOnToolsVersion = 12.5;
					};
					187B74F026CB7650007B29B8 = {
						CreatedOnToolsVersion = 12.5;
						TestTargetID = 187B74D526CB764B007B29B8;
					};
					187B74FB26CB7650007B29B8 = {
						CreatedOnToolsVersion = 12.5;
						TestTargetID = 187B74D526CB764B007B29B8;
					};
				};
			};
			buildConfigurationList = 187B74D126CB764B007B29B8 /* Build configuration list for PBXProject "QJComponentsDome" */;
			compatibilityVersion = "Xcode 9.3";
			developmentRegion = en;
			hasScannedForEncodings = 0;
			knownRegions = (
				en,
				Base,
			);
			mainGroup = 187B74CD26CB764B007B29B8;
			productRefGroup = 187B74D726CB764B007B29B8 /* Products */;
			projectDirPath = "";
			projectRoot = "";
			targets = (
				187B74D526CB764B007B29B8 /* QJComponentsDome */,
				187B74F026CB7650007B29B8 /* QJComponentsDomeTests */,
				187B74FB26CB7650007B29B8 /* QJComponentsDomeUITests */,
			);
		};
/* End PBXProject section */

/* Begin PBXResourcesBuildPhase section */
		187B74D426CB764B007B29B8 /* Resources */ = {
			isa = PBXResourcesBuildPhase;
			buildActionMask = 2147483647;
			files = (
				187B752626CB7C4D007B29B8 /* Main.storyboard in Resources */,
				187B752226CB7C4D007B29B8 /* Assets.xcassets in Resources */,
				187B757126CCAAE9007B29B8 /* README.md in Resources */,
				187B752526CB7C4D007B29B8 /* LaunchScreen.storyboard in Resources */,
			);
			runOnlyForDeploymentPostprocessing = 0;
		};
		187B74EF26CB7650007B29B8 /* Resources */ = {
			isa = PBXResourcesBuildPhase;
			buildActionMask = 2147483647;
			files = (
			);
			runOnlyForDeploymentPostprocessing = 0;
		};
		187B74FA26CB7650007B29B8 /* Resources */ = {
			isa = PBXResourcesBuildPhase;
			buildActionMask = 2147483647;
			files = (
			);
			runOnlyForDeploymentPostprocessing = 0;
		};
/* End PBXResourcesBuildPhase section */

/* Begin PBXShellScriptBuildPhase section */
		5BC0ED3B415844B46DC13773 /* [CP] Check Pods Manifest.lock */ = {
			isa = PBXShellScriptBuildPhase;
			buildActionMask = 2147483647;
			files = (
			);
			inputFileListPaths = (
			);
			inputPaths = (
				"${PODS_PODFILE_DIR_PATH}/Podfile.lock",
				"${PODS_ROOT}/Manifest.lock",
			);
			name = "[CP] Check Pods Manifest.lock";
			outputFileListPaths = (
			);
			outputPaths = (
				"$(DERIVED_FILE_DIR)/Pods-QJComponentsDome-checkManifestLockResult.txt",
			);
			runOnlyForDeploymentPostprocessing = 0;
			shellPath = /bin/sh;
			shellScript = "diff \"${PODS_PODFILE_DIR_PATH}/Podfile.lock\" \"${PODS_ROOT}/Manifest.lock\" > /dev/null\nif [ $? != 0 ] ; then\n    # print error to STDERR\n    echo \"error: The sandbox is not in sync with the Podfile.lock. Run 'pod install' or update your CocoaPods installation.\" >&2\n    exit 1\nfi\n# This output is used by Xcode 'outputs' to avoid re-running this script phase.\necho \"SUCCESS\" > \"${SCRIPT_OUTPUT_FILE_0}\"\n";
			showEnvVarsInLog = 0;
		};
/* End PBXShellScriptBuildPhase section */

/* Begin PBXSourcesBuildPhase section */
		187B74D226CB764B007B29B8 /* Sources */ = {
			isa = PBXSourcesBuildPhase;
			buildActionMask = 2147483647;
			files = (
				18833E0F2834C43D00C2B2D3 /* PPNavigationControllerDelegateProxy.m in Sources */,
				187B753D26CB81BF007B29B8 /* PPTapMenumContainerView.m in Sources */,
				1893D5D9284373E1000129F1 /* PPReactNativeDownloadManager.m in Sources */,
				18410B372924E62200CD5944 /* PPGifPlayerManager.m in Sources */,
				187B756526CCA472007B29B8 /* QJSwitchModel.m in Sources */,
				18833E112834C43D00C2B2D3 /* PPNavigationBar.m in Sources */,
				187B753E26CB81BF007B29B8 /* PPTapMenumBaseCell.m in Sources */,
				1893D5D8284373E1000129F1 /* PPReactNativeFileHandler.m in Sources */,
				18410B312924E62200CD5944 /* PPGifFrameMemoryCache.m in Sources */,
				1893D5DD284373E1000129F1 /* NSString+UnicharUtilities.m in Sources */,
				18410B302924E62200CD5944 /* PPGifMemoryCache.m in Sources */,
				187B756F26CCA8DF007B29B8 /* QJWavyLinesView.m in Sources */,
				187B754126CB81BF007B29B8 /* PPLabelItemModel.m in Sources */,
				187B752826CB7C4D007B29B8 /* AppDelegate.m in Sources */,
				18833E0E2834C43D00C2B2D3 /* PPSlideOutPanGestureRecognizer.m in Sources */,
				18410B352924E62200CD5944 /* UIImageView+PPGif.m in Sources */,
				1893D5DC284373E1000129F1 /* DiffMatchPatchCFUtilities.c in Sources */,
				18833E142834C43D00C2B2D3 /* UIViewController+PPPresentTransition.m in Sources */,
				18833E0D2834C43D00C2B2D3 /* PPTransition.m in Sources */,
				187B753F26CB81BF007B29B8 /* PPTapMenumBaseModel.m in Sources */,
				187B752326CB7C4D007B29B8 /* ViewController.m in Sources */,
				18410B322924E62200CD5944 /* PPGifCacheManager.m in Sources */,
				187B756326CCA472007B29B8 /* QJArrowModel.m in Sources */,
				1893D5DE284373E1000129F1 /* DiffMatchPatch.m in Sources */,
				186AE84C287875BD008BAE2B /* QJFormatTextField.m in Sources */,
				187B752726CB7C4D007B29B8 /* main.m in Sources */,
				1893D5E0284373E1000129F1 /* NSString+UriCompatibility.m in Sources */,
				18410B392924E62200CD5944 /* PPGifModel.m in Sources */,
				187B756626CCA472007B29B8 /* QJBaseTableViewCell.m in Sources */,
				18833E152834C43D00C2B2D3 /* UINavigationController+PPPresentTransition.m in Sources */,
				1893D5DA284373E1000129F1 /* PPReactNativeInfoManager.m in Sources */,
				187B752C26CB7C89007B29B8 /* UIViewController+PresentTransition.m in Sources */,
				187B756426CCA472007B29B8 /* QJBaseTableViewController.m in Sources */,
				18833E1B2834CC5000C2B2D3 /* UIView+UIViewExtension.m in Sources */,
				1893D5E1284373E1000129F1 /* NSMutableDictionary+DMPExtensions.m in Sources */,
				18410B342924E62200CD5944 /* PPGifDiskCache.m in Sources */,
				18833E102834C43D00C2B2D3 /* PPWeakViewController.m in Sources */,
				18410B3D2924E7A000CD5944 /* NSString+MD5.m in Sources */,
				187172AF273E4DE500C72E9B /* PPExtensibleLabel.m in Sources */,
				1893D5DB284373E1000129F1 /* PPReactNativeUpdateManager.m in Sources */,
				1895B58726F1BB7300741175 /* NSObject+PPObserver.m in Sources */,
				18410B3A2924E62200CD5944 /* PPGifFrameModel.m in Sources */,
				187B754026CB81BF007B29B8 /* PPLabelItemCell.m in Sources */,
				187B756726CCA472007B29B8 /* QJBaseModel.m in Sources */,
				18410B382924E62200CD5944 /* PPGifImageViewModel.m in Sources */,
				1893D5E528437ADB000129F1 /* PPNativeModuleHander.m in Sources */,
				18833E132834C43D00C2B2D3 /* PPSlideInOutViewController.m in Sources */,
				18410B2F2924E62200CD5944 /* PPGifLoaderManager.m in Sources */,
				1893D5DF284373E1000129F1 /* NSString+JavaSubstring.m in Sources */,
				187B752426CB7C4D007B29B8 /* SceneDelegate.m in Sources */,
				187B756226CCA472007B29B8 /* QJGroupModel.m in Sources */,
				18410B362924E62200CD5944 /* UIImage+PPGifImage.m in Sources */,
				187B752F26CB7CCB007B29B8 /* PPMultiTargetProxy.m in Sources */,
				18833E122834C43D00C2B2D3 /* UIViewController+PPOtherMessage.m in Sources */,
				18410B332924E62200CD5944 /* PPSysMemory.m in Sources */,
			);
			runOnlyForDeploymentPostprocessing = 0;
		};
		187B74ED26CB7650007B29B8 /* Sources */ = {
			isa = PBXSourcesBuildPhase;
			buildActionMask = 2147483647;
			files = (
				187B74F626CB7650007B29B8 /* QJComponentsDomeTests.m in Sources */,
			);
			runOnlyForDeploymentPostprocessing = 0;
		};
		187B74F826CB7650007B29B8 /* Sources */ = {
			isa = PBXSourcesBuildPhase;
			buildActionMask = 2147483647;
			files = (
				187B750126CB7650007B29B8 /* QJComponentsDomeUITests.m in Sources */,
			);
			runOnlyForDeploymentPostprocessing = 0;
		};
/* End PBXSourcesBuildPhase section */

/* Begin PBXTargetDependency section */
		187B74F326CB7650007B29B8 /* PBXTargetDependency */ = {
			isa = PBXTargetDependency;
			target = 187B74D526CB764B007B29B8 /* QJComponentsDome */;
			targetProxy = 187B74F226CB7650007B29B8 /* PBXContainerItemProxy */;
		};
		187B74FE26CB7650007B29B8 /* PBXTargetDependency */ = {
			isa = PBXTargetDependency;
			target = 187B74D526CB764B007B29B8 /* QJComponentsDome */;
			targetProxy = 187B74FD26CB7650007B29B8 /* PBXContainerItemProxy */;
		};
/* End PBXTargetDependency section */

/* Begin PBXVariantGroup section */
		187B751526CB7C4D007B29B8 /* LaunchScreen.storyboard */ = {
			isa = PBXVariantGroup;
			children = (
				187B751626CB7C4D007B29B8 /* Base */,
			);
			name = LaunchScreen.storyboard;
			sourceTree = "<group>";
		};
		187B751726CB7C4D007B29B8 /* Main.storyboard */ = {
			isa = PBXVariantGroup;
			children = (
				187B751826CB7C4D007B29B8 /* Base */,
			);
			name = Main.storyboard;
			sourceTree = "<group>";
		};
/* End PBXVariantGroup section */

/* Begin XCBuildConfiguration section */
		187B750326CB7650007B29B8 /* Debug */ = {
			isa = XCBuildConfiguration;
			buildSettings = {
				ALWAYS_SEARCH_USER_PATHS = NO;
				CLANG_ANALYZER_NONNULL = YES;
				CLANG_ANALYZER_NUMBER_OBJECT_CONVERSION = YES_AGGRESSIVE;
				CLANG_CXX_LANGUAGE_STANDARD = "gnu++14";
				CLANG_CXX_LIBRARY = "libc++";
				CLANG_ENABLE_MODULES = YES;
				CLANG_ENABLE_OBJC_ARC = YES;
				CLANG_ENABLE_OBJC_WEAK = YES;
				CLANG_WARN_BLOCK_CAPTURE_AUTORELEASING = YES;
				CLANG_WARN_BOOL_CONVERSION = YES;
				CLANG_WARN_COMMA = YES;
				CLANG_WARN_CONSTANT_CONVERSION = YES;
				CLANG_WARN_DEPRECATED_OBJC_IMPLEMENTATIONS = YES;
				CLANG_WARN_DIRECT_OBJC_ISA_USAGE = YES_ERROR;
				CLANG_WARN_DOCUMENTATION_COMMENTS = YES;
				CLANG_WARN_EMPTY_BODY = YES;
				CLANG_WARN_ENUM_CONVERSION = YES;
				CLANG_WARN_INFINITE_RECURSION = YES;
				CLANG_WARN_INT_CONVERSION = YES;
				CLANG_WARN_NON_LITERAL_NULL_CONVERSION = YES;
				CLANG_WARN_OBJC_IMPLICIT_RETAIN_SELF = YES;
				CLANG_WARN_OBJC_LITERAL_CONVERSION = YES;
				CLANG_WARN_OBJC_ROOT_CLASS = YES_ERROR;
				CLANG_WARN_QUOTED_INCLUDE_IN_FRAMEWORK_HEADER = YES;
				CLANG_WARN_RANGE_LOOP_ANALYSIS = YES;
				CLANG_WARN_STRICT_PROTOTYPES = YES;
				CLANG_WARN_SUSPICIOUS_MOVE = YES;
				CLANG_WARN_UNGUARDED_AVAILABILITY = YES_AGGRESSIVE;
				CLANG_WARN_UNREACHABLE_CODE = YES;
				CLANG_WARN__DUPLICATE_METHOD_MATCH = YES;
				COPY_PHASE_STRIP = NO;
				DEBUG_INFORMATION_FORMAT = dwarf;
				ENABLE_STRICT_OBJC_MSGSEND = YES;
				ENABLE_TESTABILITY = YES;
				GCC_C_LANGUAGE_STANDARD = gnu11;
				GCC_DYNAMIC_NO_PIC = NO;
				GCC_NO_COMMON_BLOCKS = YES;
				GCC_OPTIMIZATION_LEVEL = 0;
				GCC_PREPROCESSOR_DEFINITIONS = (
					"DEBUG=1",
					"$(inherited)",
				);
				GCC_WARN_64_TO_32_BIT_CONVERSION = YES;
				GCC_WARN_ABOUT_RETURN_TYPE = YES_ERROR;
				GCC_WARN_UNDECLARED_SELECTOR = YES;
				GCC_WARN_UNINITIALIZED_AUTOS = YES_AGGRESSIVE;
				GCC_WARN_UNUSED_FUNCTION = YES;
				GCC_WARN_UNUSED_VARIABLE = YES;
				IPHONEOS_DEPLOYMENT_TARGET = 14.5;
				MTL_ENABLE_DEBUG_INFO = INCLUDE_SOURCE;
				MTL_FAST_MATH = YES;
				ONLY_ACTIVE_ARCH = YES;
				SDKROOT = iphoneos;
			};
			name = Debug;
		};
		187B750426CB7650007B29B8 /* Release */ = {
			isa = XCBuildConfiguration;
			buildSettings = {
				ALWAYS_SEARCH_USER_PATHS = NO;
				CLANG_ANALYZER_NONNULL = YES;
				CLANG_ANALYZER_NUMBER_OBJECT_CONVERSION = YES_AGGRESSIVE;
				CLANG_CXX_LANGUAGE_STANDARD = "gnu++14";
				CLANG_CXX_LIBRARY = "libc++";
				CLANG_ENABLE_MODULES = YES;
				CLANG_ENABLE_OBJC_ARC = YES;
				CLANG_ENABLE_OBJC_WEAK = YES;
				CLANG_WARN_BLOCK_CAPTURE_AUTORELEASING = YES;
				CLANG_WARN_BOOL_CONVERSION = YES;
				CLANG_WARN_COMMA = YES;
				CLANG_WARN_CONSTANT_CONVERSION = YES;
				CLANG_WARN_DEPRECATED_OBJC_IMPLEMENTATIONS = YES;
				CLANG_WARN_DIRECT_OBJC_ISA_USAGE = YES_ERROR;
				CLANG_WARN_DOCUMENTATION_COMMENTS = YES;
				CLANG_WARN_EMPTY_BODY = YES;
				CLANG_WARN_ENUM_CONVERSION = YES;
				CLANG_WARN_INFINITE_RECURSION = YES;
				CLANG_WARN_INT_CONVERSION = YES;
				CLANG_WARN_NON_LITERAL_NULL_CONVERSION = YES;
				CLANG_WARN_OBJC_IMPLICIT_RETAIN_SELF = YES;
				CLANG_WARN_OBJC_LITERAL_CONVERSION = YES;
				CLANG_WARN_OBJC_ROOT_CLASS = YES_ERROR;
				CLANG_WARN_QUOTED_INCLUDE_IN_FRAMEWORK_HEADER = YES;
				CLANG_WARN_RANGE_LOOP_ANALYSIS = YES;
				CLANG_WARN_STRICT_PROTOTYPES = YES;
				CLANG_WARN_SUSPICIOUS_MOVE = YES;
				CLANG_WARN_UNGUARDED_AVAILABILITY = YES_AGGRESSIVE;
				CLANG_WARN_UNREACHABLE_CODE = YES;
				CLANG_WARN__DUPLICATE_METHOD_MATCH = YES;
				COPY_PHASE_STRIP = NO;
				DEBUG_INFORMATION_FORMAT = "dwarf-with-dsym";
				ENABLE_NS_ASSERTIONS = NO;
				ENABLE_STRICT_OBJC_MSGSEND = YES;
				GCC_C_LANGUAGE_STANDARD = gnu11;
				GCC_NO_COMMON_BLOCKS = YES;
				GCC_WARN_64_TO_32_BIT_CONVERSION = YES;
				GCC_WARN_ABOUT_RETURN_TYPE = YES_ERROR;
				GCC_WARN_UNDECLARED_SELECTOR = YES;
				GCC_WARN_UNINITIALIZED_AUTOS = YES_AGGRESSIVE;
				GCC_WARN_UNUSED_FUNCTION = YES;
				GCC_WARN_UNUSED_VARIABLE = YES;
				IPHONEOS_DEPLOYMENT_TARGET = 14.5;
				MTL_ENABLE_DEBUG_INFO = NO;
				MTL_FAST_MATH = YES;
				SDKROOT = iphoneos;
				VALIDATE_PRODUCT = YES;
			};
			name = Release;
		};
		187B750626CB7650007B29B8 /* Debug */ = {
			isa = XCBuildConfiguration;
			baseConfigurationReference = A0FAD20CF48CC89A202E2CBA /* Pods-QJComponentsDome.debug.xcconfig */;
			buildSettings = {
				ASSETCATALOG_COMPILER_APPICON_NAME = AppIcon;
				ASSETCATALOG_COMPILER_GLOBAL_ACCENT_COLOR_NAME = AccentColor;
				CODE_SIGN_STYLE = Automatic;
				INFOPLIST_FILE = "$(PROJECT_DIR)/QJComponentsDome/Info.plist";
				LD_RUNPATH_SEARCH_PATHS = (
					"$(inherited)",
					"@executable_path/Frameworks",
				);
				PRODUCT_BUNDLE_IDENTIFIER = e.QJComponentsDome;
				PRODUCT_NAME = "$(TARGET_NAME)";
				TARGETED_DEVICE_FAMILY = "1,2";
			};
			name = Debug;
		};
		187B750726CB7650007B29B8 /* Release */ = {
			isa = XCBuildConfiguration;
			baseConfigurationReference = FC9CD9E6E977C3AA1085803B /* Pods-QJComponentsDome.release.xcconfig */;
			buildSettings = {
				ASSETCATALOG_COMPILER_APPICON_NAME = AppIcon;
				ASSETCATALOG_COMPILER_GLOBAL_ACCENT_COLOR_NAME = AccentColor;
				CODE_SIGN_STYLE = Automatic;
				INFOPLIST_FILE = "$(PROJECT_DIR)/QJComponentsDome/Info.plist";
				LD_RUNPATH_SEARCH_PATHS = (
					"$(inherited)",
					"@executable_path/Frameworks",
				);
				PRODUCT_BUNDLE_IDENTIFIER = e.QJComponentsDome;
				PRODUCT_NAME = "$(TARGET_NAME)";
				TARGETED_DEVICE_FAMILY = "1,2";
			};
			name = Release;
		};
		187B750926CB7650007B29B8 /* Debug */ = {
			isa = XCBuildConfiguration;
			buildSettings = {
				BUNDLE_LOADER = "$(TEST_HOST)";
				CODE_SIGN_STYLE = Automatic;
				INFOPLIST_FILE = QJComponentsDomeTests/Info.plist;
				IPHONEOS_DEPLOYMENT_TARGET = 14.5;
				LD_RUNPATH_SEARCH_PATHS = (
					"$(inherited)",
					"@executable_path/Frameworks",
					"@loader_path/Frameworks",
				);
				PRODUCT_BUNDLE_IDENTIFIER = e.QJComponentsDomeTests;
				PRODUCT_NAME = "$(TARGET_NAME)";
				TARGETED_DEVICE_FAMILY = "1,2";
				TEST_HOST = "$(BUILT_PRODUCTS_DIR)/QJComponentsDome.app/QJComponentsDome";
			};
			name = Debug;
		};
		187B750A26CB7650007B29B8 /* Release */ = {
			isa = XCBuildConfiguration;
			buildSettings = {
				BUNDLE_LOADER = "$(TEST_HOST)";
				CODE_SIGN_STYLE = Automatic;
				INFOPLIST_FILE = QJComponentsDomeTests/Info.plist;
				IPHONEOS_DEPLOYMENT_TARGET = 14.5;
				LD_RUNPATH_SEARCH_PATHS = (
					"$(inherited)",
					"@executable_path/Frameworks",
					"@loader_path/Frameworks",
				);
				PRODUCT_BUNDLE_IDENTIFIER = e.QJComponentsDomeTests;
				PRODUCT_NAME = "$(TARGET_NAME)";
				TARGETED_DEVICE_FAMILY = "1,2";
				TEST_HOST = "$(BUILT_PRODUCTS_DIR)/QJComponentsDome.app/QJComponentsDome";
			};
			name = Release;
		};
		187B750C26CB7650007B29B8 /* Debug */ = {
			isa = XCBuildConfiguration;
			buildSettings = {
				CODE_SIGN_STYLE = Automatic;
				INFOPLIST_FILE = QJComponentsDomeUITests/Info.plist;
				LD_RUNPATH_SEARCH_PATHS = (
					"$(inherited)",
					"@executable_path/Frameworks",
					"@loader_path/Frameworks",
				);
				PRODUCT_BUNDLE_IDENTIFIER = e.QJComponentsDomeUITests;
				PRODUCT_NAME = "$(TARGET_NAME)";
				TARGETED_DEVICE_FAMILY = "1,2";
				TEST_TARGET_NAME = QJComponentsDome;
			};
			name = Debug;
		};
		187B750D26CB7650007B29B8 /* Release */ = {
			isa = XCBuildConfiguration;
			buildSettings = {
				CODE_SIGN_STYLE = Automatic;
				INFOPLIST_FILE = QJComponentsDomeUITests/Info.plist;
				LD_RUNPATH_SEARCH_PATHS = (
					"$(inherited)",
					"@executable_path/Frameworks",
					"@loader_path/Frameworks",
				);
				PRODUCT_BUNDLE_IDENTIFIER = e.QJComponentsDomeUITests;
				PRODUCT_NAME = "$(TARGET_NAME)";
				TARGETED_DEVICE_FAMILY = "1,2";
				TEST_TARGET_NAME = QJComponentsDome;
			};
			name = Release;
		};
/* End XCBuildConfiguration section */

/* Begin XCConfigurationList section */
		187B74D126CB764B007B29B8 /* Build configuration list for PBXProject "QJComponentsDome" */ = {
			isa = XCConfigurationList;
			buildConfigurations = (
				187B750326CB7650007B29B8 /* Debug */,
				187B750426CB7650007B29B8 /* Release */,
			);
			defaultConfigurationIsVisible = 0;
			defaultConfigurationName = Release;
		};
		187B750526CB7650007B29B8 /* Build configuration list for PBXNativeTarget "QJComponentsDome" */ = {
			isa = XCConfigurationList;
			buildConfigurations = (
				187B750626CB7650007B29B8 /* Debug */,
				187B750726CB7650007B29B8 /* Release */,
			);
			defaultConfigurationIsVisible = 0;
			defaultConfigurationName = Release;
		};
		187B750826CB7650007B29B8 /* Build configuration list for PBXNativeTarget "QJComponentsDomeTests" */ = {
			isa = XCConfigurationList;
			buildConfigurations = (
				187B750926CB7650007B29B8 /* Debug */,
				187B750A26CB7650007B29B8 /* Release */,
			);
			defaultConfigurationIsVisible = 0;
			defaultConfigurationName = Release;
		};
		187B750B26CB7650007B29B8 /* Build configuration list for PBXNativeTarget "QJComponentsDomeUITests" */ = {
			isa = XCConfigurationList;
			buildConfigurations = (
				187B750C26CB7650007B29B8 /* Debug */,
				187B750D26CB7650007B29B8 /* Release */,
			);
			defaultConfigurationIsVisible = 0;
			defaultConfigurationName = Release;
		};
/* End XCConfigurationList section */
	};
	rootObject = 187B74CE26CB764B007B29B8 /* Project object */;
}
